
Microsoft Visual Studio Solution File, Format Version 10.00
# Visual Studio 2008
Project("{8BC9CEB8-8B4A-11D0-8D11-00A0C91BC942}") = "zuoye5", "zuoye5\zuoye5.vcproj", "{8D3C8384-6AE7-4235-909A-82FAB171FF7D}"
EndProject
Global
	GlobalSection(SolutionConfigurationPlatforms) = preSolution
		Debug|Win32 = Debug|Win32
		Release|Win32 = Release|Win32
	EndGlobalSection
	GlobalSection(ProjectConfigurationPlatforms) = postSolution
		{8D3C8384-6AE7-4235-909A-82FAB171FF7D}.Debug|Win32.ActiveCfg = Debug|Win32
		{8D3C8384-6AE7-4235-909A-82FAB171FF7D}.Debug|Win32.Build.0 = Debug|Win32
		{8D3C8384-6AE7-4235-909A-82FAB171FF7D}.Release|Win32.ActiveCfg = Release|Win32
		{8D3C8384-6AE7-4235-909A-82FAB171FF7D}.Release|Win32.Build.0 = Release|Win32
	EndGlobalSection
	GlobalSection(SolutionProperties) = preSolution
		HideSolutionNode = FALSE
	EndGlobalSection
EndGlobal
