
Microsoft Visual Studio Solution File, Format Version 10.00
# Visual Studio 2008
Project("{8BC9CEB8-8B4A-11D0-8D11-00A0C91BC942}") = "zuoye4另一解法", "zuoye4另一解法\zuoye4另一解法.vcproj", "{3159EA37-823B-4E84-8F12-0FD641C15233}"
EndProject
Global
	GlobalSection(SolutionConfigurationPlatforms) = preSolution
		Debug|Win32 = Debug|Win32
		Release|Win32 = Release|Win32
	EndGlobalSection
	GlobalSection(ProjectConfigurationPlatforms) = postSolution
		{3159EA37-823B-4E84-8F12-0FD641C15233}.Debug|Win32.ActiveCfg = Debug|Win32
		{3159EA37-823B-4E84-8F12-0FD641C15233}.Debug|Win32.Build.0 = Debug|Win32
		{3159EA37-823B-4E84-8F12-0FD641C15233}.Release|Win32.ActiveCfg = Release|Win32
		{3159EA37-823B-4E84-8F12-0FD641C15233}.Release|Win32.Build.0 = Release|Win32
	EndGlobalSection
	GlobalSection(SolutionProperties) = preSolution
		HideSolutionNode = FALSE
	EndGlobalSection
EndGlobal
