
Microsoft Visual Studio Solution File, Format Version 11.00
# Visual Studio 2010
Project("{8BC9CEB8-8B4A-11D0-8D11-00A0C91BC942}") = "作业2", "作业2\作业2.vcxproj", "{2CABAAEE-001E-459E-BE98-818BF3BD0802}"
EndProject
Global
	GlobalSection(SolutionConfigurationPlatforms) = preSolution
		Debug|Win32 = Debug|Win32
		Release|Win32 = Release|Win32
	EndGlobalSection
	GlobalSection(ProjectConfigurationPlatforms) = postSolution
		{2CABAAEE-001E-459E-BE98-818BF3BD0802}.Debug|Win32.ActiveCfg = Debug|Win32
		{2CABAAEE-001E-459E-BE98-818BF3BD0802}.Debug|Win32.Build.0 = Debug|Win32
		{2CABAAEE-001E-459E-BE98-818BF3BD0802}.Release|Win32.ActiveCfg = Release|Win32
		{2CABAAEE-001E-459E-BE98-818BF3BD0802}.Release|Win32.Build.0 = Release|Win32
	EndGlobalSection
	GlobalSection(SolutionProperties) = preSolution
		HideSolutionNode = FALSE
	EndGlobalSection
EndGlobal
