
Microsoft Visual Studio Solution File, Format Version 10.00
# Visual Studio 2008
Project("{8BC9CEB8-8B4A-11D0-8D11-00A0C91BC942}") = "研究生", "研究生\研究生.vcproj", "{E3DA7DB3-5735-42AC-A0A1-4F2C6490C707}"
EndProject
Global
	GlobalSection(SolutionConfigurationPlatforms) = preSolution
		Debug|Win32 = Debug|Win32
		Release|Win32 = Release|Win32
	EndGlobalSection
	GlobalSection(ProjectConfigurationPlatforms) = postSolution
		{E3DA7DB3-5735-42AC-A0A1-4F2C6490C707}.Debug|Win32.ActiveCfg = Debug|Win32
		{E3DA7DB3-5735-42AC-A0A1-4F2C6490C707}.Debug|Win32.Build.0 = Debug|Win32
		{E3DA7DB3-5735-42AC-A0A1-4F2C6490C707}.Release|Win32.ActiveCfg = Release|Win32
		{E3DA7DB3-5735-42AC-A0A1-4F2C6490C707}.Release|Win32.Build.0 = Release|Win32
	EndGlobalSection
	GlobalSection(SolutionProperties) = preSolution
		HideSolutionNode = FALSE
	EndGlobalSection
EndGlobal
