
Microsoft Visual Studio Solution File, Format Version 10.00
# Visual Studio 2008
Project("{8BC9CEB8-8B4A-11D0-8D11-00A0C91BC942}") = "复数", "复数\复数.vcproj", "{AFCB6327-FBA0-4D94-B953-15B92AB29D09}"
EndProject
Global
	GlobalSection(SolutionConfigurationPlatforms) = preSolution
		Debug|Win32 = Debug|Win32
		Release|Win32 = Release|Win32
	EndGlobalSection
	GlobalSection(ProjectConfigurationPlatforms) = postSolution
		{AFCB6327-FBA0-4D94-B953-15B92AB29D09}.Debug|Win32.ActiveCfg = Debug|Win32
		{AFCB6327-FBA0-4D94-B953-15B92AB29D09}.Debug|Win32.Build.0 = Debug|Win32
		{AFCB6327-FBA0-4D94-B953-15B92AB29D09}.Release|Win32.ActiveCfg = Release|Win32
		{AFCB6327-FBA0-4D94-B953-15B92AB29D09}.Release|Win32.Build.0 = Release|Win32
	EndGlobalSection
	GlobalSection(SolutionProperties) = preSolution
		HideSolutionNode = FALSE
	EndGlobalSection
EndGlobal
